
Microsoft Visual Studio Solution File, Format Version 12.00
# Visual Studio Version 17
VisualStudioVersion = 17.12.35521.163
MinimumVisualStudioVersion = 10.0.40219.1
Project("{2150E333-8FDC-42A3-9474-1A3956D46DE8}") = "src", "src", "{54070750-B39F-473E-AB75-ED1CA8886B38}"
EndProject
Project("{2150E333-8FDC-42A3-9474-1A3956D46DE8}") = "Backend", "Backend", "{1888A940-E7A8-4901-AA42-55F0A4188AF9}"
EndProject
Project("{2150E333-8FDC-42A3-9474-1A3956D46DE8}") = "Shared", "Shared", "{5E85DAE3-8B4A-48A1-AC7B-6F8F22D3938B}"
EndProject
Project("{FAE04EC0-301F-11D3-BF4B-00C04F79EFBC}") = "TarefasCrud.Application", "src\Backend\TarefasCrud.Application\TarefasCrud.Application.csproj", "{E5162E82-C9E5-4A10-914D-141ABD36BE7B}"
EndProject
Project("{FAE04EC0-301F-11D3-BF4B-00C04F79EFBC}") = "TarefasCrud.Domain", "src\Backend\TarefasCrud.Domain\TarefasCrud.Domain.csproj", "{4FB88672-80DF-43D4-BFA0-9939688160DB}"
EndProject
Project("{FAE04EC0-301F-11D3-BF4B-00C04F79EFBC}") = "TarefasCrud.Infrastructure", "src\Backend\TarefasCrud.Infrastructure\TarefasCrud.Infrastructure.csproj", "{9C0A1B3B-8977-4F78-AC49-C507BAA1F3AE}"
EndProject
Project("{FAE04EC0-301F-11D3-BF4B-00C04F79EFBC}") = "TarefasCrud.Communication", "src\Shared\TarefasCrud.Communication\TarefasCrud.Communication.csproj", "{301B751E-A49B-48B0-ABA1-F48EFD2E006B}"
EndProject
Project("{2150E333-8FDC-42A3-9474-1A3956D46DE8}") = "tests", "tests", "{F1B1DAE3-DA34-40EF-A208-5EDF1F5C650E}"
EndProject
Project("{FAE04EC0-301F-11D3-BF4B-00C04F79EFBC}") = "Validators.Test", "tests\Validators.Test\Validators.Test.csproj", "{5241E6F1-D93C-4300-AD33-754EC1E07FCA}"
EndProject
Project("{FAE04EC0-301F-11D3-BF4B-00C04F79EFBC}") = "CommonTestUtilities", "tests\CommonTestUtilities\CommonTestUtilities.csproj", "{1CF1A847-C968-4557-BD8C-578AFB94232C}"
EndProject
Project("{FAE04EC0-301F-11D3-BF4B-00C04F79EFBC}") = "UseCases.Test", "tests\UseCases.Test\UseCases.Test.csproj", "{F8ACE02B-C83A-495D-9878-D3FF9F439310}"
EndProject
Project("{FAE04EC0-301F-11D3-BF4B-00C04F79EFBC}") = "WebApi.Test", "tests\WebApi.Test\WebApi.Test.csproj", "{64DC5F6C-9ECC-42B4-8181-AFADB4E56ED9}"
EndProject
Project("{FAE04EC0-301F-11D3-BF4B-00C04F79EFBC}") = "TarefasCrud.API", "src\Backend\TarefasCrud.API\TarefasCrud.API.csproj", "{92878C9E-37E3-4A84-AB78-59576D5D6B5C}"
EndProject
Project("{FAE04EC0-301F-11D3-BF4B-00C04F79EFBC}") = "TarefasCrud.Exceptions", "src\Shared\TarefasCrud.Exceptions\TarefasCrud.Exceptions.csproj", "{17456EA8-9AA2-4E76-BA80-8A33202DD523}"
EndProject
Global
	GlobalSection(SolutionConfigurationPlatforms) = preSolution
		Debug|Any CPU = Debug|Any CPU
		Release|Any CPU = Release|Any CPU
	EndGlobalSection
	GlobalSection(ProjectConfigurationPlatforms) = postSolution
		{E5162E82-C9E5-4A10-914D-141ABD36BE7B}.Debug|Any CPU.ActiveCfg = Debug|Any CPU
		{E5162E82-C9E5-4A10-914D-141ABD36BE7B}.Debug|Any CPU.Build.0 = Debug|Any CPU
		{E5162E82-C9E5-4A10-914D-141ABD36BE7B}.Release|Any CPU.ActiveCfg = Release|Any CPU
		{E5162E82-C9E5-4A10-914D-141ABD36BE7B}.Release|Any CPU.Build.0 = Release|Any CPU
		{4FB88672-80DF-43D4-BFA0-9939688160DB}.Debug|Any CPU.ActiveCfg = Debug|Any CPU
		{4FB88672-80DF-43D4-BFA0-9939688160DB}.Debug|Any CPU.Build.0 = Debug|Any CPU
		{4FB88672-80DF-43D4-BFA0-9939688160DB}.Release|Any CPU.ActiveCfg = Release|Any CPU
		{4FB88672-80DF-43D4-BFA0-9939688160DB}.Release|Any CPU.Build.0 = Release|Any CPU
		{9C0A1B3B-8977-4F78-AC49-C507BAA1F3AE}.Debug|Any CPU.ActiveCfg = Debug|Any CPU
		{9C0A1B3B-8977-4F78-AC49-C507BAA1F3AE}.Debug|Any CPU.Build.0 = Debug|Any CPU
		{9C0A1B3B-8977-4F78-AC49-C507BAA1F3AE}.Release|Any CPU.ActiveCfg = Release|Any CPU
		{9C0A1B3B-8977-4F78-AC49-C507BAA1F3AE}.Release|Any CPU.Build.0 = Release|Any CPU
		{301B751E-A49B-48B0-ABA1-F48EFD2E006B}.Debug|Any CPU.ActiveCfg = Debug|Any CPU
		{301B751E-A49B-48B0-ABA1-F48EFD2E006B}.Debug|Any CPU.Build.0 = Debug|Any CPU
		{301B751E-A49B-48B0-ABA1-F48EFD2E006B}.Release|Any CPU.ActiveCfg = Release|Any CPU
		{301B751E-A49B-48B0-ABA1-F48EFD2E006B}.Release|Any CPU.Build.0 = Release|Any CPU
		{5241E6F1-D93C-4300-AD33-754EC1E07FCA}.Debug|Any CPU.ActiveCfg = Debug|Any CPU
		{5241E6F1-D93C-4300-AD33-754EC1E07FCA}.Debug|Any CPU.Build.0 = Debug|Any CPU
		{5241E6F1-D93C-4300-AD33-754EC1E07FCA}.Release|Any CPU.ActiveCfg = Release|Any CPU
		{5241E6F1-D93C-4300-AD33-754EC1E07FCA}.Release|Any CPU.Build.0 = Release|Any CPU
		{1CF1A847-C968-4557-BD8C-578AFB94232C}.Debug|Any CPU.ActiveCfg = Debug|Any CPU
		{1CF1A847-C968-4557-BD8C-578AFB94232C}.Debug|Any CPU.Build.0 = Debug|Any CPU
		{1CF1A847-C968-4557-BD8C-578AFB94232C}.Release|Any CPU.ActiveCfg = Release|Any CPU
		{1CF1A847-C968-4557-BD8C-578AFB94232C}.Release|Any CPU.Build.0 = Release|Any CPU
		{F8ACE02B-C83A-495D-9878-D3FF9F439310}.Debug|Any CPU.ActiveCfg = Debug|Any CPU
		{F8ACE02B-C83A-495D-9878-D3FF9F439310}.Debug|Any CPU.Build.0 = Debug|Any CPU
		{F8ACE02B-C83A-495D-9878-D3FF9F439310}.Release|Any CPU.ActiveCfg = Release|Any CPU
		{F8ACE02B-C83A-495D-9878-D3FF9F439310}.Release|Any CPU.Build.0 = Release|Any CPU
		{64DC5F6C-9ECC-42B4-8181-AFADB4E56ED9}.Debug|Any CPU.ActiveCfg = Debug|Any CPU
		{64DC5F6C-9ECC-42B4-8181-AFADB4E56ED9}.Debug|Any CPU.Build.0 = Debug|Any CPU
		{64DC5F6C-9ECC-42B4-8181-AFADB4E56ED9}.Release|Any CPU.ActiveCfg = Release|Any CPU
		{64DC5F6C-9ECC-42B4-8181-AFADB4E56ED9}.Release|Any CPU.Build.0 = Release|Any CPU
		{92878C9E-37E3-4A84-AB78-59576D5D6B5C}.Debug|Any CPU.ActiveCfg = Debug|Any CPU
		{92878C9E-37E3-4A84-AB78-59576D5D6B5C}.Debug|Any CPU.Build.0 = Debug|Any CPU
		{92878C9E-37E3-4A84-AB78-59576D5D6B5C}.Release|Any CPU.ActiveCfg = Release|Any CPU
		{92878C9E-37E3-4A84-AB78-59576D5D6B5C}.Release|Any CPU.Build.0 = Release|Any CPU
		{17456EA8-9AA2-4E76-BA80-8A33202DD523}.Debug|Any CPU.ActiveCfg = Debug|Any CPU
		{17456EA8-9AA2-4E76-BA80-8A33202DD523}.Debug|Any CPU.Build.0 = Debug|Any CPU
		{17456EA8-9AA2-4E76-BA80-8A33202DD523}.Release|Any CPU.ActiveCfg = Release|Any CPU
		{17456EA8-9AA2-4E76-BA80-8A33202DD523}.Release|Any CPU.Build.0 = Release|Any CPU
	EndGlobalSection
	GlobalSection(SolutionProperties) = preSolution
		HideSolutionNode = FALSE
	EndGlobalSection
	GlobalSection(NestedProjects) = preSolution
		{1888A940-E7A8-4901-AA42-55F0A4188AF9} = {54070750-B39F-473E-AB75-ED1CA8886B38}
		{5E85DAE3-8B4A-48A1-AC7B-6F8F22D3938B} = {54070750-B39F-473E-AB75-ED1CA8886B38}
		{E5162E82-C9E5-4A10-914D-141ABD36BE7B} = {1888A940-E7A8-4901-AA42-55F0A4188AF9}
		{4FB88672-80DF-43D4-BFA0-9939688160DB} = {1888A940-E7A8-4901-AA42-55F0A4188AF9}
		{9C0A1B3B-8977-4F78-AC49-C507BAA1F3AE} = {1888A940-E7A8-4901-AA42-55F0A4188AF9}
		{301B751E-A49B-48B0-ABA1-F48EFD2E006B} = {5E85DAE3-8B4A-48A1-AC7B-6F8F22D3938B}
		{5241E6F1-D93C-4300-AD33-754EC1E07FCA} = {F1B1DAE3-DA34-40EF-A208-5EDF1F5C650E}
		{1CF1A847-C968-4557-BD8C-578AFB94232C} = {F1B1DAE3-DA34-40EF-A208-5EDF1F5C650E}
		{F8ACE02B-C83A-495D-9878-D3FF9F439310} = {F1B1DAE3-DA34-40EF-A208-5EDF1F5C650E}
		{64DC5F6C-9ECC-42B4-8181-AFADB4E56ED9} = {F1B1DAE3-DA34-40EF-A208-5EDF1F5C650E}
		{92878C9E-37E3-4A84-AB78-59576D5D6B5C} = {1888A940-E7A8-4901-AA42-55F0A4188AF9}
		{17456EA8-9AA2-4E76-BA80-8A33202DD523} = {5E85DAE3-8B4A-48A1-AC7B-6F8F22D3938B}
	EndGlobalSection
EndGlobal
